// !$*UTF8*$!
{
	archiveVersion = 1;
	classes = {
	};
	objectVersion = 50;
	objects = {

/* Begin PBXBuildFile section */
		9A35666D257EBEBE00AE9C52 /* AppDelegate.swift in Sources */ = {isa = PBXBuildFile; fileRef = 9A35666C257EBEBE00AE9C52 /* AppDelegate.swift */; };
		9A35666F257EBEBE00AE9C52 /* SceneDelegate.swift in Sources */ = {isa = PBXBuildFile; fileRef = 9A35666E257EBEBE00AE9C52 /* SceneDelegate.swift */; };
		9A356671257EBEBE00AE9C52 /* ViewController.swift in Sources */ = {isa = PBXBuildFile; fileRef = 9A356670257EBEBE00AE9C52 /* ViewController.swift */; };
		9A356674257EBEBE00AE9C52 /* Main.storyboard in Resources */ = {isa = PBXBuildFile; fileRef = 9A356672257EBEBE00AE9C52 /* Main.storyboard */; };
		9A356676257EBEC600AE9C52 /* Assets.xcassets in Resources */ = {isa = PBXBuildFile; fileRef = 9A356675257EBEC600AE9C52 /* Assets.xcassets */; };
		9A356679257EBEC600AE9C52 /* LaunchScreen.storyboard in Resources */ = {isa = PBXBuildFile; fileRef = 9A356677257EBEC600AE9C52 /* LaunchScreen.storyboard */; };
/* End PBXBuildFile section */

/* Begin PBXFileReference section */
		9A356669257EBEBE00AE9C52 /* collectionViewFlowLayout.app */ = {isa = PBXFileReference; explicitFileType = wrapper.application; includeInIndex = 0; path = collectionViewFlowLayout.app; sourceTree = BUILT_PRODUCTS_DIR; };
		9A35666C257EBEBE00AE9C52 /* AppDelegate.swift */ = {isa = PBXFileReference; lastKnownFileType = sourcecode.swift; path = AppDelegate.swift; sourceTree = "<group>"; };
		9A35666E257EBEBE00AE9C52 /* SceneDelegate.swift */ = {isa = PBXFileReference; lastKnownFileType = sourcecode.swift; path = SceneDelegate.swift; sourceTree = "<group>"; };
		9A356670257EBEBE00AE9C52 /* ViewController.swift */ = {isa = PBXFileReference; lastKnownFileType = sourcecode.swift; path = ViewController.swift; sourceTree = "<group>"; };
		9A356673257EBEBE00AE9C52 /* Base */ = {isa = PBXFileReference; lastKnownFileType = file.storyboard; name = Base; path = Base.lproj/Main.storyboard; sourceTree = "<group>"; };
		9A356675257EBEC600AE9C52 /* Assets.xcassets */ = {isa = PBXFileReference; lastKnownFileType = folder.assetcatalog; path = Assets.xcassets; sourceTree = "<group>"; };
		9A356678257EBEC600AE9C52 /* Base */ = {isa = PBXFileReference; lastKnownFileType = file.storyboard; name = Base; path = Base.lproj/LaunchScreen.storyboard; sourceTree = "<group>"; };
		9A35667A257EBEC600AE9C52 /* Info.plist */ = {isa = PBXFileReference; lastKnownFileType = text.plist.xml; path = Info.plist; sourceTree = "<group>"; };
/* End PBXFileReference section */

/* Begin PBXFrameworksBuildPhase section */
		9A356666257EBEBE00AE9C52 /* Frameworks */ = {
			isa = PBXFrameworksBuildPhase;
			buildActionMask = 2147483647;
			files = (
			);
			runOnlyForDeploymentPostprocessing = 0;
		};
/* End PBXFrameworksBuildPhase section */

/* Begin PBXGroup section */
		9A356660257EBEBE00AE9C52 = {
			isa = PBXGroup;
			children = (
				9A35666B257EBEBE00AE9C52 /* collectionViewFlowLayout */,
				9A35666A257EBEBE00AE9C52 /* Products */,
			);
			sourceTree = "<group>";
		};
		9A35666A257EBEBE00AE9C52 /* Products */ = {
			isa = PBXGroup;
			children = (
				9A356669257EBEBE00AE9C52 /* collectionViewFlowLayout.app */,
			);
			name = Products;
			sourceTree = "<group>";
		};
		9A35666B257EBEBE00AE9C52 /* collectionViewFlowLayout */ = {
			isa = PBXGroup;
			children = (
				9A35666C257EBEBE00AE9C52 /* AppDelegate.swift */,
				9A35666E257EBEBE00AE9C52 /* SceneDelegate.swift */,
				9A356670257EBEBE00AE9C52 /* ViewController.swift */,
				9A356672257EBEBE00AE9C52 /* Main.storyboard */,
				9A356675257EBEC600AE9C52 /* Assets.xcassets */,
				9A356677257EBEC600AE9C52 /* LaunchScreen.storyboard */,
				9A35667A257EBEC600AE9C52 /* Info.plist */,
			);
			path = collectionViewFlowLayout;
			sourceTree = "<group>";
		};
/* End PBXGroup section */

/* Begin PBXNativeTarget section */
		9A356668257EBEBE00AE9C52 /* collectionViewFlowLayout */ = {
			isa = PBXNativeTarget;
			buildConfigurationList = 9A35667D257EBEC600AE9C52 /* Build configuration list for PBXNativeTarget "collectionViewFlowLayout" */;
			buildPhases = (
				9A356665257EBEBE00AE9C52 /* Sources */,
				9A356666257EBEBE00AE9C52 /* Frameworks */,
				9A356667257EBEBE00AE9C52 /* Resources */,
			);
			buildRules = (
			);
			dependencies = (
			);
			name = collectionViewFlowLayout;
			productName = collectionViewFlowLayout;
			productReference = 9A356669257EBEBE00AE9C52 /* collectionViewFlowLayout.app */;
			productType = "com.apple.product-type.application";
		};
/* End PBXNativeTarget section */

/* Begin PBXProject section */
		9A356661257EBEBE00AE9C52 /* Project object */ = {
			isa = PBXProject;
			attributes = {
				LastSwiftUpdateCheck = 1130;
				LastUpgradeCheck = 1130;
				ORGANIZATIONNAME = "Yulia Milovanova";
				TargetAttributes = {
					9A356668257EBEBE00AE9C52 = {
						CreatedOnToolsVersion = 11.3.1;
					};
				};
			};
			buildConfigurationList = 9A356664257EBEBE00AE9C52 /* Build configuration list for PBXProject "collectionViewFlowLayout" */;
			compatibilityVersion = "Xcode 9.3";
			developmentRegion = en;
			hasScannedForEncodings = 0;
			knownRegions = (
				en,
				Base,
			);
			mainGroup = 9A356660257EBEBE00AE9C52;
			productRefGroup = 9A35666A257EBEBE00AE9C52 /* Products */;
			projectDirPath = "";
			projectRoot = "";
			targets = (
				9A356668257EBEBE00AE9C52 /* collectionViewFlowLayout */,
			);
		};
/* End PBXProject section */

/* Begin PBXResourcesBuildPhase section */
		9A356667257EBEBE00AE9C52 /* Resources */ = {
			isa = PBXResourcesBuildPhase;
			buildActionMask = 2147483647;
			files = (
				9A356679257EBEC600AE9C52 /* LaunchScreen.storyboard in Resources */,
				9A356676257EBEC600AE9C52 /* Assets.xcassets in Resources */,
				9A356674257EBEBE00AE9C52 /* Main.storyboard in Resources */,
			);
			runOnlyForDeploymentPostprocessing = 0;
		};
/* End PBXResourcesBuildPhase section */

/* Begin PBXSourcesBuildPhase section */
		9A356665257EBEBE00AE9C52 /* Sources */ = {
			isa = PBXSourcesBuildPhase;
			buildActionMask = 2147483647;
			files = (
				9A356671257EBEBE00AE9C52 /* ViewController.swift in Sources */,
				9A35666D257EBEBE00AE9C52 /* AppDelegate.swift in Sources */,
				9A35666F257EBEBE00AE9C52 /* SceneDelegate.swift in Sources */,
			);
			runOnlyForDeploymentPostprocessing = 0;
		};
/* End PBXSourcesBuildPhase section */

/* Begin PBXVariantGroup section */
		9A356672257EBEBE00AE9C52 /* Main.storyboard */ = {
			isa = PBXVariantGroup;
			children = (
				9A356673257EBEBE00AE9C52 /* Base */,
			);
			name = Main.storyboard;
			sourceTree = "<group>";
		};
		9A356677257EBEC600AE9C52 /* LaunchScreen.storyboard */ = {
			isa = PBXVariantGroup;
			children = (
				9A356678257EBEC600AE9C52 /* Base */,
			);
			name = LaunchScreen.storyboard;
			sourceTree = "<group>";
		};
/* End PBXVariantGroup section */

/* Begin XCBuildConfiguration section */
		9A35667B257EBEC600AE9C52 /* Debug */ = {
			isa = XCBuildConfiguration;
			buildSettings = {
				ALWAYS_SEARCH_USER_PATHS = NO;
				CLANG_ANALYZER_NONNULL = YES;
				CLANG_ANALYZER_NUMBER_OBJECT_CONVERSION = YES_AGGRESSIVE;
				CLANG_CXX_LANGUAGE_STANDARD = "gnu++14";
				CLANG_CXX_LIBRARY = "libc++";
				CLANG_ENABLE_MODULES = YES;
				CLANG_ENABLE_OBJC_ARC = YES;
				CLANG_ENABLE_OBJC_WEAK = YES;
				CLANG_WARN_BLOCK_CAPTURE_AUTORELEASING = YES;
				CLANG_WARN_BOOL_CONVERSION = YES;
				CLANG_WARN_COMMA = YES;
				CLANG_WARN_CONSTANT_CONVERSION = YES;
				CLANG_WARN_DEPRECATED_OBJC_IMPLEMENTATIONS = YES;
				CLANG_WARN_DIRECT_OBJC_ISA_USAGE = YES_ERROR;
				CLANG_WARN_DOCUMENTATION_COMMENTS = YES;
				CLANG_WARN_EMPTY_BODY = YES;
				CLANG_WARN_ENUM_CONVERSION = YES;
				CLANG_WARN_INFINITE_RECURSION = YES;
				CLANG_WARN_INT_CONVERSION = YES;
				CLANG_WARN_NON_LITERAL_NULL_CONVERSION = YES;
				CLANG_WARN_OBJC_IMPLICIT_RETAIN_SELF = YES;
				CLANG_WARN_OBJC_LITERAL_CONVERSION = YES;
				CLANG_WARN_OBJC_ROOT_CLASS = YES_ERROR;
				CLANG_WARN_RANGE_LOOP_ANALYSIS = YES;
				CLANG_WARN_STRICT_PROTOTYPES = YES;
				CLANG_WARN_SUSPICIOUS_MOVE = YES;
				CLANG_WARN_UNGUARDED_AVAILABILITY = YES_AGGRESSIVE;
				CLANG_WARN_UNREACHABLE_CODE = YES;
				CLANG_WARN__DUPLICATE_METHOD_MATCH = YES;
				COPY_PHASE_STRIP = NO;
				DEBUG_INFORMATION_FORMAT = dwarf;
				ENABLE_STRICT_OBJC_MSGSEND = YES;
				ENABLE_TESTABILITY = YES;
				GCC_C_LANGUAGE_STANDARD = gnu11;
				GCC_DYNAMIC_NO_PIC = NO;
				GCC_NO_COMMON_BLOCKS = YES;
				GCC_OPTIMIZATION_LEVEL = 0;
				GCC_PREPROCESSOR_DEFINITIONS = (
					"DEBUG=1",
					"$(inherited)",
				);
				GCC_WARN_64_TO_32_BIT_CONVERSION = YES;
				GCC_WARN_ABOUT_RETURN_TYPE = YES_ERROR;
				GCC_WARN_UNDECLARED_SELECTOR = YES;
				GCC_WARN_UNINITIALIZED_AUTOS = YES_AGGRESSIVE;
				GCC_WARN_UNUSED_FUNCTION = YES;
				GCC_WARN_UNUSED_VARIABLE = YES;
				IPHONEOS_DEPLOYMENT_TARGET = 13.2;
				MTL_ENABLE_DEBUG_INFO = INCLUDE_SOURCE;
				MTL_FAST_MATH = YES;
				ONLY_ACTIVE_ARCH = YES;
				SDKROOT = iphoneos;
				SWIFT_ACTIVE_COMPILATION_CONDITIONS = DEBUG;
				SWIFT_OPTIMIZATION_LEVEL = "-Onone";
			};
			name = Debug;
		};
		9A35667C257EBEC600AE9C52 /* Release */ = {
			isa = XCBuildConfiguration;
			buildSettings = {
				ALWAYS_SEARCH_USER_PATHS = NO;
				CLANG_ANALYZER_NONNULL = YES;
				CLANG_ANALYZER_NUMBER_OBJECT_CONVERSION = YES_AGGRESSIVE;
				CLANG_CXX_LANGUAGE_STANDARD = "gnu++14";
				CLANG_CXX_LIBRARY = "libc++";
				CLANG_ENABLE_MODULES = YES;
				CLANG_ENABLE_OBJC_ARC = YES;
				CLANG_ENABLE_OBJC_WEAK = YES;
				CLANG_WARN_BLOCK_CAPTURE_AUTORELEASING = YES;
				CLANG_WARN_BOOL_CONVERSION = YES;
				CLANG_WARN_COMMA = YES;
				CLANG_WARN_CONSTANT_CONVERSION = YES;
				CLANG_WARN_DEPRECATED_OBJC_IMPLEMENTATIONS = YES;
				CLANG_WARN_DIRECT_OBJC_ISA_USAGE = YES_ERROR;
				CLANG_WARN_DOCUMENTATION_COMMENTS = YES;
				CLANG_WARN_EMPTY_BODY = YES;
				CLANG_WARN_ENUM_CONVERSION = YES;
				CLANG_WARN_INFINITE_RECURSION = YES;
				CLANG_WARN_INT_CONVERSION = YES;
				CLANG_WARN_NON_LITERAL_NULL_CONVERSION = YES;
				CLANG_WARN_OBJC_IMPLICIT_RETAIN_SELF = YES;
				CLANG_WARN_OBJC_LITERAL_CONVERSION = YES;
				CLANG_WARN_OBJC_ROOT_CLASS = YES_ERROR;
				CLANG_WARN_RANGE_LOOP_ANALYSIS = YES;
				CLANG_WARN_STRICT_PROTOTYPES = YES;
				CLANG_WARN_SUSPICIOUS_MOVE = YES;
				CLANG_WARN_UNGUARDED_AVAILABILITY = YES_AGGRESSIVE;
				CLANG_WARN_UNREACHABLE_CODE = YES;
				CLANG_WARN__DUPLICATE_METHOD_MATCH = YES;
				COPY_PHASE_STRIP = NO;
				DEBUG_INFORMATION_FORMAT = "dwarf-with-dsym";
				ENABLE_NS_ASSERTIONS = NO;
				ENABLE_STRICT_OBJC_MSGSEND = YES;
				GCC_C_LANGUAGE_STANDARD = gnu11;
				GCC_NO_COMMON_BLOCKS = YES;
				GCC_WARN_64_TO_32_BIT_CONVERSION = YES;
				GCC_WARN_ABOUT_RETURN_TYPE = YES_ERROR;
				GCC_WARN_UNDECLARED_SELECTOR = YES;
				GCC_WARN_UNINITIALIZED_AUTOS = YES_AGGRESSIVE;
				GCC_WARN_UNUSED_FUNCTION = YES;
				GCC_WARN_UNUSED_VARIABLE = YES;
				IPHONEOS_DEPLOYMENT_TARGET = 13.2;
				MTL_ENABLE_DEBUG_INFO = NO;
				MTL_FAST_MATH = YES;
				SDKROOT = iphoneos;
				SWIFT_COMPILATION_MODE = wholemodule;
				SWIFT_OPTIMIZATION_LEVEL = "-O";
				VALIDATE_PRODUCT = YES;
			};
			name = Release;
		};
		9A35667E257EBEC600AE9C52 /* Debug */ = {
			isa = XCBuildConfiguration;
			buildSettings = {
				ASSETCATALOG_COMPILER_APPICON_NAME = AppIcon;
				CODE_SIGN_STYLE = Automatic;
				INFOPLIST_FILE = collectionViewFlowLayout/Info.plist;
				LD_RUNPATH_SEARCH_PATHS = (
					"$(inherited)",
					"@executable_path/Frameworks",
				);
				PRODUCT_BUNDLE_IDENTIFIER = com.ym.collectionViewFlowLayout;
				PRODUCT_NAME = "$(TARGET_NAME)";
				SWIFT_VERSION = 5.0;
				TARGETED_DEVICE_FAMILY = "1,2";
			};
			name = Debug;
		};
		9A35667F257EBEC600AE9C52 /* Release */ = {
			isa = XCBuildConfiguration;
			buildSettings = {
				ASSETCATALOG_COMPILER_APPICON_NAME = AppIcon;
				CODE_SIGN_STYLE = Automatic;
				INFOPLIST_FILE = collectionViewFlowLayout/Info.plist;
				LD_RUNPATH_SEARCH_PATHS = (
					"$(inherited)",
					"@executable_path/Frameworks",
				);
				PRODUCT_BUNDLE_IDENTIFIER = com.ym.collectionViewFlowLayout;
				PRODUCT_NAME = "$(TARGET_NAME)";
				SWIFT_VERSION = 5.0;
				TARGETED_DEVICE_FAMILY = "1,2";
			};
			name = Release;
		};
/* End XCBuildConfiguration section */

/* Begin XCConfigurationList section */
		9A356664257EBEBE00AE9C52 /* Build configuration list for PBXProject "collectionViewFlowLayout" */ = {
			isa = XCConfigurationList;
			buildConfigurations = (
				9A35667B257EBEC600AE9C52 /* Debug */,
				9A35667C257EBEC600AE9C52 /* Release */,
			);
			defaultConfigurationIsVisible = 0;
			defaultConfigurationName = Release;
		};
		9A35667D257EBEC600AE9C52 /* Build configuration list for PBXNativeTarget "collectionViewFlowLayout" */ = {
			isa = XCConfigurationList;
			buildConfigurations = (
				9A35667E257EBEC600AE9C52 /* Debug */,
				9A35667F257EBEC600AE9C52 /* Release */,
			);
			defaultConfigurationIsVisible = 0;
			defaultConfigurationName = Release;
		};
/* End XCConfigurationList section */
	};
	rootObject = 9A356661257EBEBE00AE9C52 /* Project object */;
}
